
Microsoft Visual Studio Solution File, Format Version 12.00
# Visual Studio Version 16
VisualStudioVersion = 16.0.31321.278
MinimumVisualStudioVersion = 10.0.40219.1
Project("{FAE04EC0-301F-11D3-BF4B-00C04F79EFBC}") = "04.使用Attribute为对象属性赋值", "StudyXML01\04.使用Attribute为对象属性赋值.csproj", "{8201727A-F910-4A72-995F-B12F9519E76D}"
EndProject
Project("{FAE04EC0-301F-11D3-BF4B-00C04F79EFBC}") = "03.属性元素", "StudyXML02\03.属性元素.csproj", "{092FF2AE-EBF4-400A-B6B2-CD726DEFED98}"
EndProject
Project("{FAE04EC0-301F-11D3-BF4B-00C04F79EFBC}") = "02.线性渐变笔刷XML", "线性渐变笔刷XML\02.线性渐变笔刷XML.csproj", "{C7259FC9-80E6-4CB6-AC4F-32DDFC3A9717}"
EndProject
Project("{FAE04EC0-301F-11D3-BF4B-00C04F79EFBC}") = "01.简化XAML", "简化XAML\01.简化XAML.csproj", "{05A44ED4-D4A1-4C98-983C-79BA368D6B07}"
EndProject
Project("{FAE04EC0-301F-11D3-BF4B-00C04F79EFBC}") = "05.标记扩展", "标记扩展\05.标记扩展.csproj", "{0D2B2D03-6E0F-4284-9925-8F2F27A72239}"
EndProject
Project("{FAE04EC0-301F-11D3-BF4B-00C04F79EFBC}") = "01.xName", "XName名称空间\01.xName.csproj", "{CDD39616-8BC6-4329-83CC-B9F183DF8C00}"
EndProject
Project("{FAE04EC0-301F-11D3-BF4B-00C04F79EFBC}") = "02.xKey", "xKey名称空间\02.xKey.csproj", "{AB28049C-D1C1-4C5A-9EE1-6BBA74FA3230}"
EndProject
Project("{FAE04EC0-301F-11D3-BF4B-00C04F79EFBC}") = "04.xNull", "xNull空值\04.xNull.csproj", "{28564BD2-B859-4B5B-BB4E-FAE97FA6A4AC}"
EndProject
Project("{FAE04EC0-301F-11D3-BF4B-00C04F79EFBC}") = "05.xArray", "xArray数据源\05.xArray.csproj", "{F9CFF0DB-492B-4910-99D2-67B2BCB06DA5}"
EndProject
Project("{FAE04EC0-301F-11D3-BF4B-00C04F79EFBC}") = "06.xStatic", "xStatic成员\06.xStatic.csproj", "{44A00D6A-31AD-420A-AB24-7AC403E7D22E}"
EndProject
Project("{FAE04EC0-301F-11D3-BF4B-00C04F79EFBC}") = "07.xXData", "xXData指令元素\07.xXData.csproj", "{A1774356-E510-4148-9633-1D77163117C6}"
EndProject
Project("{FAE04EC0-301F-11D3-BF4B-00C04F79EFBC}") = "02.HeaderedContentControl族", "HeaderedContentControl族控件\02.HeaderedContentControl族.csproj", "{DAD39937-9263-45EE-ACA6-EF60CFD07D30}"
EndProject
Project("{FAE04EC0-301F-11D3-BF4B-00C04F79EFBC}") = "01.ItemsControl族", "ItemsControl族控件\01.ItemsControl族.csproj", "{FF5C0D5B-A3D5-40E6-9770-014CDFABC15E}"
EndProject
Project("{2150E333-8FDC-42A3-9474-1A3956D46DE8}") = "1.1XAML语法", "1.1XAML语法", "{8E40B434-CCCF-40B5-9956-DB5470A1E2D9}"
EndProject
Project("{2150E333-8FDC-42A3-9474-1A3956D46DE8}") = "1.2x名称空间", "1.2x名称空间", "{76AE36F2-8065-456E-B727-85CAE3267C13}"
EndProject
Project("{2150E333-8FDC-42A3-9474-1A3956D46DE8}") = "1.3控件布局", "1.3控件布局", "{E5B84EBD-43D3-4980-A3A2-AA868AE713BB}"
EndProject
Project("{FAE04EC0-301F-11D3-BF4B-00C04F79EFBC}") = "03.Grid", "Grid01\03.Grid.csproj", "{C39D3E82-7386-4C5D-9099-E207D6AE63B8}"
EndProject
Project("{FAE04EC0-301F-11D3-BF4B-00C04F79EFBC}") = "04.Grid布局", "Grid进行布局\04.Grid布局.csproj", "{40278401-13CE-430B-A61E-8629360C5282}"
EndProject
Project("{FAE04EC0-301F-11D3-BF4B-00C04F79EFBC}") = "05.StackPanel布局", "StackPanel布局\05.StackPanel布局.csproj", "{EE712690-9BA4-4068-8F5C-D92CAA39A472}"
EndProject
Project("{FAE04EC0-301F-11D3-BF4B-00C04F79EFBC}") = "06.Canvas布局", "Canvas布局\06.Canvas布局.csproj", "{E5093C9B-9CD1-4157-ACCB-7102779D981B}"
EndProject
Project("{FAE04EC0-301F-11D3-BF4B-00C04F79EFBC}") = "07.DockPanel布局", "DockPanel布局\07.DockPanel布局.csproj", "{06D1A5F0-EFA5-4163-BFD8-237BDB383553}"
EndProject
Project("{2150E333-8FDC-42A3-9474-1A3956D46DE8}") = "1.4数据绑定", "1.4数据绑定", "{4551EF43-B4D4-423E-9C94-A33F5F599B2E}"
EndProject
Project("{FAE04EC0-301F-11D3-BF4B-00C04F79EFBC}") = "01.Binding", "Bingding01_Source\01.Binding.csproj", "{47ED484C-2557-4BFA-BA67-859463EEA2A3}"
EndProject
Project("{FAE04EC0-301F-11D3-BF4B-00C04F79EFBC}") = "02.控件作源", "Binding02_控件作源\02.控件作源.csproj", "{6422C8D4-0D4D-4324-BF29-46A86AEBB7F0}"
EndProject
Project("{FAE04EC0-301F-11D3-BF4B-00C04F79EFBC}") = "03.1.Path", "Binding03_Path\03.1.Path.csproj", "{1F4142A7-B828-4E5B-965C-A1E96153DED6}"
EndProject
Project("{FAE04EC0-301F-11D3-BF4B-00C04F79EFBC}") = "03.2.多级Path", "Binding04_多级Path\03.2.多级Path.csproj", "{FD676F7C-EA2E-4506-9F37-512EF93BFCD2}"
EndProject
Project("{FAE04EC0-301F-11D3-BF4B-00C04F79EFBC}") = "03.3.多维集合元素作Path", "Binding05_多维集合元素作Path\03.3.多维集合元素作Path.csproj", "{1D5736B3-EFA6-41B7-9017-7990057D7D37}"
EndProject
Project("{FAE04EC0-301F-11D3-BF4B-00C04F79EFBC}") = "04.使用DataContext作Source", "Binding06_使用DataContext作Source\04.使用DataContext作Source.csproj", "{7E3EBB8B-CDB6-4738-A73E-E9B3EC7DDCA9}"
EndProject
Project("{FAE04EC0-301F-11D3-BF4B-00C04F79EFBC}") = "05.不指定Path和Source", "Binding07_不指定Path和Source\05.不指定Path和Source.csproj", "{47509B4A-2A6F-4980-851B-C6F398839B1F}"
EndProject
Project("{FAE04EC0-301F-11D3-BF4B-00C04F79EFBC}") = "06.使用集合作ItemsSource", "Binding08_使用集合作ItemsSource\06.使用集合作ItemsSource.csproj", "{943F4113-837E-4542-8C0C-D7BCFE82A537}"
EndProject
Project("{FAE04EC0-301F-11D3-BF4B-00C04F79EFBC}") = "07.显示设置DataTemplate", "Binding09_显示设置DataTemplate\07.显示设置DataTemplate.csproj", "{58FBD323-1983-4E03-8497-1D36E2EA47A2}"
EndProject
Project("{FAE04EC0-301F-11D3-BF4B-00C04F79EFBC}") = "08.ADO.Net对象作Source", "Binding10_ADO.Net对象作Source\08.ADO.Net对象作Source.csproj", "{9711DED3-052F-4E82-A90C-DF2ECC3341F7}"
EndProject
Project("{FAE04EC0-301F-11D3-BF4B-00C04F79EFBC}") = "03.xType", "03.xType\03.xType.csproj", "{688A259E-08E6-405D-9379-03957DEE8E04}"
EndProject
Project("{FAE04EC0-301F-11D3-BF4B-00C04F79EFBC}") = "09.1.XML数据作Source", "09.XML数据作Source\09.1.XML数据作Source.csproj", "{C4B38B2D-1BDA-48FC-87EA-483102F00EB2}"
EndProject
Project("{FAE04EC0-301F-11D3-BF4B-00C04F79EFBC}") = "09.2XML数据作Source", "09.2XML数据作Source\09.2XML数据作Source.csproj", "{90ED016C-9EA9-4901-9F5A-7B829EBBBB04}"
EndProject
Project("{FAE04EC0-301F-11D3-BF4B-00C04F79EFBC}") = "10.LINQ检索结果作Source", "10.LINQ检索结果作Source\10.LINQ检索结果作Source.csproj", "{2F169B05-EAC1-4107-A033-83FFE9ABB52C}"
EndProject
Project("{FAE04EC0-301F-11D3-BF4B-00C04F79EFBC}") = "11.LINQ to XML", "11.LINQ to XML\11.LINQ to XML.csproj", "{B82CB339-AB37-4A5A-80CD-4B7FE181A865}"
EndProject
Project("{FAE04EC0-301F-11D3-BF4B-00C04F79EFBC}") = "12.1.ObjectDataProcider对象作Source", "12.ObjectDataProcider对象作Source\12.1.ObjectDataProcider对象作Source.csproj", "{3B7B8C59-9F8F-4B1A-96F5-B809D1DB22D3}"
EndProject
Project("{FAE04EC0-301F-11D3-BF4B-00C04F79EFBC}") = "12.2.ObjectDataProcider对象作Source", "12.2.ObjectDataProcider对象作Source\12.2.ObjectDataProcider对象作Source.csproj", "{F7BBBA7F-942E-42B7-99BF-32933FB0E91A}"
EndProject
Project("{FAE04EC0-301F-11D3-BF4B-00C04F79EFBC}") = "13.Binding之RelativeSource", "13.Binding之RelativeSource\13.Binding之RelativeSource.csproj", "{03F4CCFC-082B-4D30-A123-A960AC81C740}"
EndProject
Project("{FAE04EC0-301F-11D3-BF4B-00C04F79EFBC}") = "14.1数据校验", "14.数据校验\14.1数据校验.csproj", "{974D1547-54E9-4790-8676-E592FBEAB7B8}"
EndProject
Project("{FAE04EC0-301F-11D3-BF4B-00C04F79EFBC}") = "15.数据转换", "15.数据转换\15.数据转换.csproj", "{F9737C02-1EF4-4CC7-9B83-286D8C41BFE3}"
EndProject
Project("{FAE04EC0-301F-11D3-BF4B-00C04F79EFBC}") = "14.2路由初识", "14.2路由初识\14.2路由初识.csproj", "{8ED8C120-E268-48F8-BBE8-12ABC7D23859}"
EndProject
Project("{FAE04EC0-301F-11D3-BF4B-00C04F79EFBC}") = "16.多路BindingMultiBinding", "16.多路BindingMultiBinding\16.多路BindingMultiBinding.csproj", "{B403B9CC-2353-4095-AF89-AB16CD43DCC5}"
EndProject
Project("{FAE04EC0-301F-11D3-BF4B-00C04F79EFBC}") = "01.1依赖属性", "17.依赖属性\01.1依赖属性.csproj", "{EDBB4FF0-91D7-45B6-B994-F7CAFD753421}"
EndProject
Project("{2150E333-8FDC-42A3-9474-1A3956D46DE8}") = "1.5依赖项属性", "1.5依赖项属性", "{F2DE1B0D-5390-48BF-90EC-6C381199848F}"
EndProject
Project("{FAE04EC0-301F-11D3-BF4B-00C04F79EFBC}") = "01.2依赖属性", "01.2依赖属性\01.2依赖属性.csproj", "{F2445A4B-B252-439A-8C9A-9C34A170B462}"
EndProject
Global
	GlobalSection(SolutionConfigurationPlatforms) = preSolution
		Debug|Any CPU = Debug|Any CPU
		Release|Any CPU = Release|Any CPU
	EndGlobalSection
	GlobalSection(ProjectConfigurationPlatforms) = postSolution
		{8201727A-F910-4A72-995F-B12F9519E76D}.Debug|Any CPU.ActiveCfg = Debug|Any CPU
		{8201727A-F910-4A72-995F-B12F9519E76D}.Debug|Any CPU.Build.0 = Debug|Any CPU
		{8201727A-F910-4A72-995F-B12F9519E76D}.Release|Any CPU.ActiveCfg = Release|Any CPU
		{8201727A-F910-4A72-995F-B12F9519E76D}.Release|Any CPU.Build.0 = Release|Any CPU
		{092FF2AE-EBF4-400A-B6B2-CD726DEFED98}.Debug|Any CPU.ActiveCfg = Debug|Any CPU
		{092FF2AE-EBF4-400A-B6B2-CD726DEFED98}.Debug|Any CPU.Build.0 = Debug|Any CPU
		{092FF2AE-EBF4-400A-B6B2-CD726DEFED98}.Release|Any CPU.ActiveCfg = Release|Any CPU
		{092FF2AE-EBF4-400A-B6B2-CD726DEFED98}.Release|Any CPU.Build.0 = Release|Any CPU
		{C7259FC9-80E6-4CB6-AC4F-32DDFC3A9717}.Debug|Any CPU.ActiveCfg = Debug|Any CPU
		{C7259FC9-80E6-4CB6-AC4F-32DDFC3A9717}.Debug|Any CPU.Build.0 = Debug|Any CPU
		{C7259FC9-80E6-4CB6-AC4F-32DDFC3A9717}.Release|Any CPU.ActiveCfg = Release|Any CPU
		{C7259FC9-80E6-4CB6-AC4F-32DDFC3A9717}.Release|Any CPU.Build.0 = Release|Any CPU
		{05A44ED4-D4A1-4C98-983C-79BA368D6B07}.Debug|Any CPU.ActiveCfg = Debug|Any CPU
		{05A44ED4-D4A1-4C98-983C-79BA368D6B07}.Debug|Any CPU.Build.0 = Debug|Any CPU
		{05A44ED4-D4A1-4C98-983C-79BA368D6B07}.Release|Any CPU.ActiveCfg = Release|Any CPU
		{05A44ED4-D4A1-4C98-983C-79BA368D6B07}.Release|Any CPU.Build.0 = Release|Any CPU
		{0D2B2D03-6E0F-4284-9925-8F2F27A72239}.Debug|Any CPU.ActiveCfg = Debug|Any CPU
		{0D2B2D03-6E0F-4284-9925-8F2F27A72239}.Debug|Any CPU.Build.0 = Debug|Any CPU
		{0D2B2D03-6E0F-4284-9925-8F2F27A72239}.Release|Any CPU.ActiveCfg = Release|Any CPU
		{0D2B2D03-6E0F-4284-9925-8F2F27A72239}.Release|Any CPU.Build.0 = Release|Any CPU
		{CDD39616-8BC6-4329-83CC-B9F183DF8C00}.Debug|Any CPU.ActiveCfg = Debug|Any CPU
		{CDD39616-8BC6-4329-83CC-B9F183DF8C00}.Debug|Any CPU.Build.0 = Debug|Any CPU
		{CDD39616-8BC6-4329-83CC-B9F183DF8C00}.Release|Any CPU.ActiveCfg = Release|Any CPU
		{CDD39616-8BC6-4329-83CC-B9F183DF8C00}.Release|Any CPU.Build.0 = Release|Any CPU
		{AB28049C-D1C1-4C5A-9EE1-6BBA74FA3230}.Debug|Any CPU.ActiveCfg = Debug|Any CPU
		{AB28049C-D1C1-4C5A-9EE1-6BBA74FA3230}.Debug|Any CPU.Build.0 = Debug|Any CPU
		{AB28049C-D1C1-4C5A-9EE1-6BBA74FA3230}.Release|Any CPU.ActiveCfg = Release|Any CPU
		{AB28049C-D1C1-4C5A-9EE1-6BBA74FA3230}.Release|Any CPU.Build.0 = Release|Any CPU
		{28564BD2-B859-4B5B-BB4E-FAE97FA6A4AC}.Debug|Any CPU.ActiveCfg = Debug|Any CPU
		{28564BD2-B859-4B5B-BB4E-FAE97FA6A4AC}.Debug|Any CPU.Build.0 = Debug|Any CPU
		{28564BD2-B859-4B5B-BB4E-FAE97FA6A4AC}.Release|Any CPU.ActiveCfg = Release|Any CPU
		{28564BD2-B859-4B5B-BB4E-FAE97FA6A4AC}.Release|Any CPU.Build.0 = Release|Any CPU
		{F9CFF0DB-492B-4910-99D2-67B2BCB06DA5}.Debug|Any CPU.ActiveCfg = Debug|Any CPU
		{F9CFF0DB-492B-4910-99D2-67B2BCB06DA5}.Debug|Any CPU.Build.0 = Debug|Any CPU
		{F9CFF0DB-492B-4910-99D2-67B2BCB06DA5}.Release|Any CPU.ActiveCfg = Release|Any CPU
		{F9CFF0DB-492B-4910-99D2-67B2BCB06DA5}.Release|Any CPU.Build.0 = Release|Any CPU
		{44A00D6A-31AD-420A-AB24-7AC403E7D22E}.Debug|Any CPU.ActiveCfg = Debug|Any CPU
		{44A00D6A-31AD-420A-AB24-7AC403E7D22E}.Debug|Any CPU.Build.0 = Debug|Any CPU
		{44A00D6A-31AD-420A-AB24-7AC403E7D22E}.Release|Any CPU.ActiveCfg = Release|Any CPU
		{44A00D6A-31AD-420A-AB24-7AC403E7D22E}.Release|Any CPU.Build.0 = Release|Any CPU
		{A1774356-E510-4148-9633-1D77163117C6}.Debug|Any CPU.ActiveCfg = Debug|Any CPU
		{A1774356-E510-4148-9633-1D77163117C6}.Debug|Any CPU.Build.0 = Debug|Any CPU
		{A1774356-E510-4148-9633-1D77163117C6}.Release|Any CPU.ActiveCfg = Release|Any CPU
		{A1774356-E510-4148-9633-1D77163117C6}.Release|Any CPU.Build.0 = Release|Any CPU
		{DAD39937-9263-45EE-ACA6-EF60CFD07D30}.Debug|Any CPU.ActiveCfg = Debug|Any CPU
		{DAD39937-9263-45EE-ACA6-EF60CFD07D30}.Debug|Any CPU.Build.0 = Debug|Any CPU
		{DAD39937-9263-45EE-ACA6-EF60CFD07D30}.Release|Any CPU.ActiveCfg = Release|Any CPU
		{DAD39937-9263-45EE-ACA6-EF60CFD07D30}.Release|Any CPU.Build.0 = Release|Any CPU
		{FF5C0D5B-A3D5-40E6-9770-014CDFABC15E}.Debug|Any CPU.ActiveCfg = Debug|Any CPU
		{FF5C0D5B-A3D5-40E6-9770-014CDFABC15E}.Debug|Any CPU.Build.0 = Debug|Any CPU
		{FF5C0D5B-A3D5-40E6-9770-014CDFABC15E}.Release|Any CPU.ActiveCfg = Release|Any CPU
		{FF5C0D5B-A3D5-40E6-9770-014CDFABC15E}.Release|Any CPU.Build.0 = Release|Any CPU
		{C39D3E82-7386-4C5D-9099-E207D6AE63B8}.Debug|Any CPU.ActiveCfg = Debug|Any CPU
		{C39D3E82-7386-4C5D-9099-E207D6AE63B8}.Debug|Any CPU.Build.0 = Debug|Any CPU
		{C39D3E82-7386-4C5D-9099-E207D6AE63B8}.Release|Any CPU.ActiveCfg = Release|Any CPU
		{C39D3E82-7386-4C5D-9099-E207D6AE63B8}.Release|Any CPU.Build.0 = Release|Any CPU
		{40278401-13CE-430B-A61E-8629360C5282}.Debug|Any CPU.ActiveCfg = Debug|Any CPU
		{40278401-13CE-430B-A61E-8629360C5282}.Debug|Any CPU.Build.0 = Debug|Any CPU
		{40278401-13CE-430B-A61E-8629360C5282}.Release|Any CPU.ActiveCfg = Release|Any CPU
		{40278401-13CE-430B-A61E-8629360C5282}.Release|Any CPU.Build.0 = Release|Any CPU
		{EE712690-9BA4-4068-8F5C-D92CAA39A472}.Debug|Any CPU.ActiveCfg = Debug|Any CPU
		{EE712690-9BA4-4068-8F5C-D92CAA39A472}.Debug|Any CPU.Build.0 = Debug|Any CPU
		{EE712690-9BA4-4068-8F5C-D92CAA39A472}.Release|Any CPU.ActiveCfg = Release|Any CPU
		{EE712690-9BA4-4068-8F5C-D92CAA39A472}.Release|Any CPU.Build.0 = Release|Any CPU
		{E5093C9B-9CD1-4157-ACCB-7102779D981B}.Debug|Any CPU.ActiveCfg = Debug|Any CPU
		{E5093C9B-9CD1-4157-ACCB-7102779D981B}.Debug|Any CPU.Build.0 = Debug|Any CPU
		{E5093C9B-9CD1-4157-ACCB-7102779D981B}.Release|Any CPU.ActiveCfg = Release|Any CPU
		{E5093C9B-9CD1-4157-ACCB-7102779D981B}.Release|Any CPU.Build.0 = Release|Any CPU
		{06D1A5F0-EFA5-4163-BFD8-237BDB383553}.Debug|Any CPU.ActiveCfg = Debug|Any CPU
		{06D1A5F0-EFA5-4163-BFD8-237BDB383553}.Debug|Any CPU.Build.0 = Debug|Any CPU
		{06D1A5F0-EFA5-4163-BFD8-237BDB383553}.Release|Any CPU.ActiveCfg = Release|Any CPU
		{06D1A5F0-EFA5-4163-BFD8-237BDB383553}.Release|Any CPU.Build.0 = Release|Any CPU
		{47ED484C-2557-4BFA-BA67-859463EEA2A3}.Debug|Any CPU.ActiveCfg = Debug|Any CPU
		{47ED484C-2557-4BFA-BA67-859463EEA2A3}.Debug|Any CPU.Build.0 = Debug|Any CPU
		{47ED484C-2557-4BFA-BA67-859463EEA2A3}.Release|Any CPU.ActiveCfg = Release|Any CPU
		{47ED484C-2557-4BFA-BA67-859463EEA2A3}.Release|Any CPU.Build.0 = Release|Any CPU
		{6422C8D4-0D4D-4324-BF29-46A86AEBB7F0}.Debug|Any CPU.ActiveCfg = Debug|Any CPU
		{6422C8D4-0D4D-4324-BF29-46A86AEBB7F0}.Debug|Any CPU.Build.0 = Debug|Any CPU
		{6422C8D4-0D4D-4324-BF29-46A86AEBB7F0}.Release|Any CPU.ActiveCfg = Release|Any CPU
		{6422C8D4-0D4D-4324-BF29-46A86AEBB7F0}.Release|Any CPU.Build.0 = Release|Any CPU
		{1F4142A7-B828-4E5B-965C-A1E96153DED6}.Debug|Any CPU.ActiveCfg = Debug|Any CPU
		{1F4142A7-B828-4E5B-965C-A1E96153DED6}.Debug|Any CPU.Build.0 = Debug|Any CPU
		{1F4142A7-B828-4E5B-965C-A1E96153DED6}.Release|Any CPU.ActiveCfg = Release|Any CPU
		{1F4142A7-B828-4E5B-965C-A1E96153DED6}.Release|Any CPU.Build.0 = Release|Any CPU
		{FD676F7C-EA2E-4506-9F37-512EF93BFCD2}.Debug|Any CPU.ActiveCfg = Debug|Any CPU
		{FD676F7C-EA2E-4506-9F37-512EF93BFCD2}.Debug|Any CPU.Build.0 = Debug|Any CPU
		{FD676F7C-EA2E-4506-9F37-512EF93BFCD2}.Release|Any CPU.ActiveCfg = Release|Any CPU
		{FD676F7C-EA2E-4506-9F37-512EF93BFCD2}.Release|Any CPU.Build.0 = Release|Any CPU
		{1D5736B3-EFA6-41B7-9017-7990057D7D37}.Debug|Any CPU.ActiveCfg = Debug|Any CPU
		{1D5736B3-EFA6-41B7-9017-7990057D7D37}.Debug|Any CPU.Build.0 = Debug|Any CPU
		{1D5736B3-EFA6-41B7-9017-7990057D7D37}.Release|Any CPU.ActiveCfg = Release|Any CPU
		{1D5736B3-EFA6-41B7-9017-7990057D7D37}.Release|Any CPU.Build.0 = Release|Any CPU
		{7E3EBB8B-CDB6-4738-A73E-E9B3EC7DDCA9}.Debug|Any CPU.ActiveCfg = Debug|Any CPU
		{7E3EBB8B-CDB6-4738-A73E-E9B3EC7DDCA9}.Debug|Any CPU.Build.0 = Debug|Any CPU
		{7E3EBB8B-CDB6-4738-A73E-E9B3EC7DDCA9}.Release|Any CPU.ActiveCfg = Release|Any CPU
		{7E3EBB8B-CDB6-4738-A73E-E9B3EC7DDCA9}.Release|Any CPU.Build.0 = Release|Any CPU
		{47509B4A-2A6F-4980-851B-C6F398839B1F}.Debug|Any CPU.ActiveCfg = Debug|Any CPU
		{47509B4A-2A6F-4980-851B-C6F398839B1F}.Debug|Any CPU.Build.0 = Debug|Any CPU
		{47509B4A-2A6F-4980-851B-C6F398839B1F}.Release|Any CPU.ActiveCfg = Release|Any CPU
		{47509B4A-2A6F-4980-851B-C6F398839B1F}.Release|Any CPU.Build.0 = Release|Any CPU
		{943F4113-837E-4542-8C0C-D7BCFE82A537}.Debug|Any CPU.ActiveCfg = Debug|Any CPU
		{943F4113-837E-4542-8C0C-D7BCFE82A537}.Debug|Any CPU.Build.0 = Debug|Any CPU
		{943F4113-837E-4542-8C0C-D7BCFE82A537}.Release|Any CPU.ActiveCfg = Release|Any CPU
		{943F4113-837E-4542-8C0C-D7BCFE82A537}.Release|Any CPU.Build.0 = Release|Any CPU
		{58FBD323-1983-4E03-8497-1D36E2EA47A2}.Debug|Any CPU.ActiveCfg = Debug|Any CPU
		{58FBD323-1983-4E03-8497-1D36E2EA47A2}.Debug|Any CPU.Build.0 = Debug|Any CPU
		{58FBD323-1983-4E03-8497-1D36E2EA47A2}.Release|Any CPU.ActiveCfg = Release|Any CPU
		{58FBD323-1983-4E03-8497-1D36E2EA47A2}.Release|Any CPU.Build.0 = Release|Any CPU
		{9711DED3-052F-4E82-A90C-DF2ECC3341F7}.Debug|Any CPU.ActiveCfg = Debug|Any CPU
		{9711DED3-052F-4E82-A90C-DF2ECC3341F7}.Debug|Any CPU.Build.0 = Debug|Any CPU
		{9711DED3-052F-4E82-A90C-DF2ECC3341F7}.Release|Any CPU.ActiveCfg = Release|Any CPU
		{9711DED3-052F-4E82-A90C-DF2ECC3341F7}.Release|Any CPU.Build.0 = Release|Any CPU
		{688A259E-08E6-405D-9379-03957DEE8E04}.Debug|Any CPU.ActiveCfg = Debug|Any CPU
		{688A259E-08E6-405D-9379-03957DEE8E04}.Debug|Any CPU.Build.0 = Debug|Any CPU
		{688A259E-08E6-405D-9379-03957DEE8E04}.Release|Any CPU.ActiveCfg = Release|Any CPU
		{688A259E-08E6-405D-9379-03957DEE8E04}.Release|Any CPU.Build.0 = Release|Any CPU
		{C4B38B2D-1BDA-48FC-87EA-483102F00EB2}.Debug|Any CPU.ActiveCfg = Debug|Any CPU
		{C4B38B2D-1BDA-48FC-87EA-483102F00EB2}.Debug|Any CPU.Build.0 = Debug|Any CPU
		{C4B38B2D-1BDA-48FC-87EA-483102F00EB2}.Release|Any CPU.ActiveCfg = Release|Any CPU
		{C4B38B2D-1BDA-48FC-87EA-483102F00EB2}.Release|Any CPU.Build.0 = Release|Any CPU
		{90ED016C-9EA9-4901-9F5A-7B829EBBBB04}.Debug|Any CPU.ActiveCfg = Debug|Any CPU
		{90ED016C-9EA9-4901-9F5A-7B829EBBBB04}.Debug|Any CPU.Build.0 = Debug|Any CPU
		{90ED016C-9EA9-4901-9F5A-7B829EBBBB04}.Release|Any CPU.ActiveCfg = Release|Any CPU
		{90ED016C-9EA9-4901-9F5A-7B829EBBBB04}.Release|Any CPU.Build.0 = Release|Any CPU
		{2F169B05-EAC1-4107-A033-83FFE9ABB52C}.Debug|Any CPU.ActiveCfg = Debug|Any CPU
		{2F169B05-EAC1-4107-A033-83FFE9ABB52C}.Debug|Any CPU.Build.0 = Debug|Any CPU
		{2F169B05-EAC1-4107-A033-83FFE9ABB52C}.Release|Any CPU.ActiveCfg = Release|Any CPU
		{2F169B05-EAC1-4107-A033-83FFE9ABB52C}.Release|Any CPU.Build.0 = Release|Any CPU
		{B82CB339-AB37-4A5A-80CD-4B7FE181A865}.Debug|Any CPU.ActiveCfg = Debug|Any CPU
		{B82CB339-AB37-4A5A-80CD-4B7FE181A865}.Debug|Any CPU.Build.0 = Debug|Any CPU
		{B82CB339-AB37-4A5A-80CD-4B7FE181A865}.Release|Any CPU.ActiveCfg = Release|Any CPU
		{B82CB339-AB37-4A5A-80CD-4B7FE181A865}.Release|Any CPU.Build.0 = Release|Any CPU
		{3B7B8C59-9F8F-4B1A-96F5-B809D1DB22D3}.Debug|Any CPU.ActiveCfg = Debug|Any CPU
		{3B7B8C59-9F8F-4B1A-96F5-B809D1DB22D3}.Debug|Any CPU.Build.0 = Debug|Any CPU
		{3B7B8C59-9F8F-4B1A-96F5-B809D1DB22D3}.Release|Any CPU.ActiveCfg = Release|Any CPU
		{3B7B8C59-9F8F-4B1A-96F5-B809D1DB22D3}.Release|Any CPU.Build.0 = Release|Any CPU
		{F7BBBA7F-942E-42B7-99BF-32933FB0E91A}.Debug|Any CPU.ActiveCfg = Debug|Any CPU
		{F7BBBA7F-942E-42B7-99BF-32933FB0E91A}.Debug|Any CPU.Build.0 = Debug|Any CPU
		{F7BBBA7F-942E-42B7-99BF-32933FB0E91A}.Release|Any CPU.ActiveCfg = Release|Any CPU
		{F7BBBA7F-942E-42B7-99BF-32933FB0E91A}.Release|Any CPU.Build.0 = Release|Any CPU
		{03F4CCFC-082B-4D30-A123-A960AC81C740}.Debug|Any CPU.ActiveCfg = Debug|Any CPU
		{03F4CCFC-082B-4D30-A123-A960AC81C740}.Debug|Any CPU.Build.0 = Debug|Any CPU
		{03F4CCFC-082B-4D30-A123-A960AC81C740}.Release|Any CPU.ActiveCfg = Release|Any CPU
		{03F4CCFC-082B-4D30-A123-A960AC81C740}.Release|Any CPU.Build.0 = Release|Any CPU
		{974D1547-54E9-4790-8676-E592FBEAB7B8}.Debug|Any CPU.ActiveCfg = Debug|Any CPU
		{974D1547-54E9-4790-8676-E592FBEAB7B8}.Debug|Any CPU.Build.0 = Debug|Any CPU
		{974D1547-54E9-4790-8676-E592FBEAB7B8}.Release|Any CPU.ActiveCfg = Release|Any CPU
		{974D1547-54E9-4790-8676-E592FBEAB7B8}.Release|Any CPU.Build.0 = Release|Any CPU
		{F9737C02-1EF4-4CC7-9B83-286D8C41BFE3}.Debug|Any CPU.ActiveCfg = Debug|Any CPU
		{F9737C02-1EF4-4CC7-9B83-286D8C41BFE3}.Debug|Any CPU.Build.0 = Debug|Any CPU
		{F9737C02-1EF4-4CC7-9B83-286D8C41BFE3}.Release|Any CPU.ActiveCfg = Release|Any CPU
		{F9737C02-1EF4-4CC7-9B83-286D8C41BFE3}.Release|Any CPU.Build.0 = Release|Any CPU
		{8ED8C120-E268-48F8-BBE8-12ABC7D23859}.Debug|Any CPU.ActiveCfg = Debug|Any CPU
		{8ED8C120-E268-48F8-BBE8-12ABC7D23859}.Debug|Any CPU.Build.0 = Debug|Any CPU
		{8ED8C120-E268-48F8-BBE8-12ABC7D23859}.Release|Any CPU.ActiveCfg = Release|Any CPU
		{8ED8C120-E268-48F8-BBE8-12ABC7D23859}.Release|Any CPU.Build.0 = Release|Any CPU
		{B403B9CC-2353-4095-AF89-AB16CD43DCC5}.Debug|Any CPU.ActiveCfg = Debug|Any CPU
		{B403B9CC-2353-4095-AF89-AB16CD43DCC5}.Debug|Any CPU.Build.0 = Debug|Any CPU
		{B403B9CC-2353-4095-AF89-AB16CD43DCC5}.Release|Any CPU.ActiveCfg = Release|Any CPU
		{B403B9CC-2353-4095-AF89-AB16CD43DCC5}.Release|Any CPU.Build.0 = Release|Any CPU
		{EDBB4FF0-91D7-45B6-B994-F7CAFD753421}.Debug|Any CPU.ActiveCfg = Debug|Any CPU
		{EDBB4FF0-91D7-45B6-B994-F7CAFD753421}.Debug|Any CPU.Build.0 = Debug|Any CPU
		{EDBB4FF0-91D7-45B6-B994-F7CAFD753421}.Release|Any CPU.ActiveCfg = Release|Any CPU
		{EDBB4FF0-91D7-45B6-B994-F7CAFD753421}.Release|Any CPU.Build.0 = Release|Any CPU
		{F2445A4B-B252-439A-8C9A-9C34A170B462}.Debug|Any CPU.ActiveCfg = Debug|Any CPU
		{F2445A4B-B252-439A-8C9A-9C34A170B462}.Debug|Any CPU.Build.0 = Debug|Any CPU
		{F2445A4B-B252-439A-8C9A-9C34A170B462}.Release|Any CPU.ActiveCfg = Release|Any CPU
		{F2445A4B-B252-439A-8C9A-9C34A170B462}.Release|Any CPU.Build.0 = Release|Any CPU
	EndGlobalSection
	GlobalSection(SolutionProperties) = preSolution
		HideSolutionNode = FALSE
	EndGlobalSection
	GlobalSection(NestedProjects) = preSolution
		{8201727A-F910-4A72-995F-B12F9519E76D} = {8E40B434-CCCF-40B5-9956-DB5470A1E2D9}
		{092FF2AE-EBF4-400A-B6B2-CD726DEFED98} = {8E40B434-CCCF-40B5-9956-DB5470A1E2D9}
		{C7259FC9-80E6-4CB6-AC4F-32DDFC3A9717} = {8E40B434-CCCF-40B5-9956-DB5470A1E2D9}
		{05A44ED4-D4A1-4C98-983C-79BA368D6B07} = {8E40B434-CCCF-40B5-9956-DB5470A1E2D9}
		{0D2B2D03-6E0F-4284-9925-8F2F27A72239} = {8E40B434-CCCF-40B5-9956-DB5470A1E2D9}
		{CDD39616-8BC6-4329-83CC-B9F183DF8C00} = {76AE36F2-8065-456E-B727-85CAE3267C13}
		{AB28049C-D1C1-4C5A-9EE1-6BBA74FA3230} = {76AE36F2-8065-456E-B727-85CAE3267C13}
		{28564BD2-B859-4B5B-BB4E-FAE97FA6A4AC} = {76AE36F2-8065-456E-B727-85CAE3267C13}
		{F9CFF0DB-492B-4910-99D2-67B2BCB06DA5} = {76AE36F2-8065-456E-B727-85CAE3267C13}
		{44A00D6A-31AD-420A-AB24-7AC403E7D22E} = {76AE36F2-8065-456E-B727-85CAE3267C13}
		{A1774356-E510-4148-9633-1D77163117C6} = {76AE36F2-8065-456E-B727-85CAE3267C13}
		{DAD39937-9263-45EE-ACA6-EF60CFD07D30} = {E5B84EBD-43D3-4980-A3A2-AA868AE713BB}
		{FF5C0D5B-A3D5-40E6-9770-014CDFABC15E} = {E5B84EBD-43D3-4980-A3A2-AA868AE713BB}
		{C39D3E82-7386-4C5D-9099-E207D6AE63B8} = {E5B84EBD-43D3-4980-A3A2-AA868AE713BB}
		{40278401-13CE-430B-A61E-8629360C5282} = {E5B84EBD-43D3-4980-A3A2-AA868AE713BB}
		{EE712690-9BA4-4068-8F5C-D92CAA39A472} = {E5B84EBD-43D3-4980-A3A2-AA868AE713BB}
		{E5093C9B-9CD1-4157-ACCB-7102779D981B} = {E5B84EBD-43D3-4980-A3A2-AA868AE713BB}
		{06D1A5F0-EFA5-4163-BFD8-237BDB383553} = {E5B84EBD-43D3-4980-A3A2-AA868AE713BB}
		{47ED484C-2557-4BFA-BA67-859463EEA2A3} = {4551EF43-B4D4-423E-9C94-A33F5F599B2E}
		{6422C8D4-0D4D-4324-BF29-46A86AEBB7F0} = {4551EF43-B4D4-423E-9C94-A33F5F599B2E}
		{1F4142A7-B828-4E5B-965C-A1E96153DED6} = {4551EF43-B4D4-423E-9C94-A33F5F599B2E}
		{FD676F7C-EA2E-4506-9F37-512EF93BFCD2} = {4551EF43-B4D4-423E-9C94-A33F5F599B2E}
		{1D5736B3-EFA6-41B7-9017-7990057D7D37} = {4551EF43-B4D4-423E-9C94-A33F5F599B2E}
		{7E3EBB8B-CDB6-4738-A73E-E9B3EC7DDCA9} = {4551EF43-B4D4-423E-9C94-A33F5F599B2E}
		{47509B4A-2A6F-4980-851B-C6F398839B1F} = {4551EF43-B4D4-423E-9C94-A33F5F599B2E}
		{943F4113-837E-4542-8C0C-D7BCFE82A537} = {4551EF43-B4D4-423E-9C94-A33F5F599B2E}
		{58FBD323-1983-4E03-8497-1D36E2EA47A2} = {4551EF43-B4D4-423E-9C94-A33F5F599B2E}
		{9711DED3-052F-4E82-A90C-DF2ECC3341F7} = {4551EF43-B4D4-423E-9C94-A33F5F599B2E}
		{688A259E-08E6-405D-9379-03957DEE8E04} = {76AE36F2-8065-456E-B727-85CAE3267C13}
		{C4B38B2D-1BDA-48FC-87EA-483102F00EB2} = {4551EF43-B4D4-423E-9C94-A33F5F599B2E}
		{90ED016C-9EA9-4901-9F5A-7B829EBBBB04} = {4551EF43-B4D4-423E-9C94-A33F5F599B2E}
		{2F169B05-EAC1-4107-A033-83FFE9ABB52C} = {4551EF43-B4D4-423E-9C94-A33F5F599B2E}
		{B82CB339-AB37-4A5A-80CD-4B7FE181A865} = {4551EF43-B4D4-423E-9C94-A33F5F599B2E}
		{3B7B8C59-9F8F-4B1A-96F5-B809D1DB22D3} = {4551EF43-B4D4-423E-9C94-A33F5F599B2E}
		{F7BBBA7F-942E-42B7-99BF-32933FB0E91A} = {4551EF43-B4D4-423E-9C94-A33F5F599B2E}
		{03F4CCFC-082B-4D30-A123-A960AC81C740} = {4551EF43-B4D4-423E-9C94-A33F5F599B2E}
		{974D1547-54E9-4790-8676-E592FBEAB7B8} = {4551EF43-B4D4-423E-9C94-A33F5F599B2E}
		{F9737C02-1EF4-4CC7-9B83-286D8C41BFE3} = {4551EF43-B4D4-423E-9C94-A33F5F599B2E}
		{8ED8C120-E268-48F8-BBE8-12ABC7D23859} = {4551EF43-B4D4-423E-9C94-A33F5F599B2E}
		{B403B9CC-2353-4095-AF89-AB16CD43DCC5} = {4551EF43-B4D4-423E-9C94-A33F5F599B2E}
		{EDBB4FF0-91D7-45B6-B994-F7CAFD753421} = {F2DE1B0D-5390-48BF-90EC-6C381199848F}
		{F2445A4B-B252-439A-8C9A-9C34A170B462} = {F2DE1B0D-5390-48BF-90EC-6C381199848F}
	EndGlobalSection
	GlobalSection(ExtensibilityGlobals) = postSolution
		SolutionGuid = {720AFBA8-F9FC-4B20-A265-10493B5CE822}
	EndGlobalSection
EndGlobal
